
Microsoft Visual Studio Solution File, Format Version 12.00
# Visual Studio Version 17
VisualStudioVersion = 17.11.35327.3
MinimumVisualStudioVersion = 10.0.40219.1
Project("{9A19103F-16F7-4668-BE54-9A1E7A4F7556}") = "Server", "VersionControl\Server.csproj", "{2904FF13-B48A-405E-A6FE-DD0EF6208089}"
EndProject
Project("{9A19103F-16F7-4668-BE54-9A1E7A4F7556}") = "Client", "Client\Client.csproj", "{FBE151D6-E54E-43D4-960F-E99F924AE86E}"
EndProject
Project("{FAE04EC0-301F-11D3-BF4B-00C04F79EFBC}") = "Core", "Core\Core.csproj", "{1ED88910-4068-4F28-AF82-D8E93629CAD2}"
EndProject
Global
	GlobalSection(SolutionConfigurationPlatforms) = preSolution
		Debug|Any CPU = Debug|Any CPU
		Release|Any CPU = Release|Any CPU
	EndGlobalSection
	GlobalSection(ProjectConfigurationPlatforms) = postSolution
		{2904FF13-B48A-405E-A6FE-DD0EF6208089}.Debug|Any CPU.ActiveCfg = Debug|Any CPU
		{2904FF13-B48A-405E-A6FE-DD0EF6208089}.Debug|Any CPU.Build.0 = Debug|Any CPU
		{2904FF13-B48A-405E-A6FE-DD0EF6208089}.Release|Any CPU.ActiveCfg = Release|Any CPU
		{2904FF13-B48A-405E-A6FE-DD0EF6208089}.Release|Any CPU.Build.0 = Release|Any CPU
		{FBE151D6-E54E-43D4-960F-E99F924AE86E}.Debug|Any CPU.ActiveCfg = Debug|Any CPU
		{FBE151D6-E54E-43D4-960F-E99F924AE86E}.Debug|Any CPU.Build.0 = Debug|Any CPU
		{FBE151D6-E54E-43D4-960F-E99F924AE86E}.Release|Any CPU.ActiveCfg = Release|Any CPU
		{FBE151D6-E54E-43D4-960F-E99F924AE86E}.Release|Any CPU.Build.0 = Release|Any CPU
		{1ED88910-4068-4F28-AF82-D8E93629CAD2}.Debug|Any CPU.ActiveCfg = Debug|Any CPU
		{1ED88910-4068-4F28-AF82-D8E93629CAD2}.Debug|Any CPU.Build.0 = Debug|Any CPU
		{1ED88910-4068-4F28-AF82-D8E93629CAD2}.Release|Any CPU.ActiveCfg = Release|Any CPU
		{1ED88910-4068-4F28-AF82-D8E93629CAD2}.Release|Any CPU.Build.0 = Release|Any CPU
	EndGlobalSection
	GlobalSection(SolutionProperties) = preSolution
		HideSolutionNode = FALSE
	EndGlobalSection
	GlobalSection(ExtensibilityGlobals) = postSolution
		SolutionGuid = {7FD34D39-AC26-4AB7-A6BF-255D5CD9407A}
	EndGlobalSection
EndGlobal
